
Microsoft Visual Studio Solution File, Format Version 12.00
# Visual Studio 15
VisualStudioVersion = 15.0.28010.2041
MinimumVisualStudioVersion = 10.0.40219.1
Project("{FAE04EC0-301F-11D3-BF4B-00C04F79EFBC}") = "StartupWizard4PS", "StartupWizard4PS\StartupWizard4PS.csproj", "{A1BAD1E7-0276-4B90-A17D-C6CC7EAAB97D}"
EndProject
Global
	GlobalSection(SolutionConfigurationPlatforms) = preSolution
		Debug|Any CPU = Debug|Any CPU
		Release|Any CPU = Release|Any CPU
	EndGlobalSection
	GlobalSection(ProjectConfigurationPlatforms) = postSolution
		{A1BAD1E7-0276-4B90-A17D-C6CC7EAAB97D}.Debug|Any CPU.ActiveCfg = Debug|Any CPU
		{A1BAD1E7-0276-4B90-A17D-C6CC7EAAB97D}.Debug|Any CPU.Build.0 = Debug|Any CPU
		{A1BAD1E7-0276-4B90-A17D-C6CC7EAAB97D}.Release|Any CPU.ActiveCfg = Release|Any CPU
		{A1BAD1E7-0276-4B90-A17D-C6CC7EAAB97D}.Release|Any CPU.Build.0 = Release|Any CPU
	EndGlobalSection
	GlobalSection(SolutionProperties) = preSolution
		HideSolutionNode = FALSE
	EndGlobalSection
	GlobalSection(ExtensibilityGlobals) = postSolution
		SolutionGuid = {4C0C64B5-7E66-4E8D-ACE9-32F92BA11F2D}
	EndGlobalSection
EndGlobal
